github.com/mixcode/goproxy v0.0.0-20210427112856-bd191b4558d9 h1:kheEt3mcxNP1p2NZfjzqgZdu7RgLmhyzKaCrZOsRIXM=
github.com/mixcode/goproxy v0.0.0-20210427112856-bd191b4558d9/go.mod h1:CW0XwcJoDKFnW6uN3gZskpknObBrOn1AoO40QHnTMtM=
github.com/mixcode/goproxy v0.0.0-20210428033119-52d6b943f3b4 h1:VUt01zihU4Y8OAt9BZ6ZXDo4rCXnDVpbo6WVh9ivPf4=
github.com/mixcode/goproxy v0.0.0-20210428033119-52d6b943f3b4/go.mod h1:VMUcTlN6/EsBLa14Cj6A1GR1EXnjoaJP+WIW6li5wTQ=
github.com/mixcode/goproxy/ext v0.0.0-20210427112856-bd191b4558d9/go.mod h1:dRmFnCt/tigS3WiG75+WqDQhZ4b8ibyUU1PCi0nzwtE=
github.com/mixcode/goproxy/ext v0.0.0-20210427113121-a748b917a00c h1:77Xqo8Ehc8vcAgRwU38WGcUoAzQe6J33m7m6u2s92ss=
github.com/mixcode/goproxy/ext v0.0.0-20210427113121-a748b917a00c/go.mod h1:mtqQZQFUpsZJlvlxKJw0dCN6kEbgn0DKgMwz4tVMDfY=
github.com/rogpeppe/go-charset v0.0.0-20180617210344-2471d30d28b4/go.mod h1:qgYeAmZ5ZIpBWTGllZSQnw97Dj+woV0toclVaRGI8pc=
