github.com/mixcode/goproxy v1.1.2 h1:gmL3SJzSFj+tninLz+Y5JDIPzKIySbQfYeZVfkIL6Q0=
github.com/mixcode/goproxy v1.1.2/go.mod h1:VMUcTlN6/EsBLa14Cj6A1GR1EXnjoaJP+WIW6li5wTQ=
github.com/mixcode/goproxy/ext v0.0.0-20210427112856-bd191b4558d9 h1:tZb8IpTDl5ZcwvFZ9Cnsbqjrlg347m8e5a5FEza4ACM=
github.com/mixcode/goproxy/ext v0.0.0-20210427112856-bd191b4558d9/go.mod h1:dRmFnCt/tigS3WiG75+WqDQhZ4b8ibyUU1PCi0nzwtE=
github.com/rogpeppe/go-charset v0.0.0-20180617210344-2471d30d28b4/go.mod h1:qgYeAmZ5ZIpBWTGllZSQnw97Dj+woV0toclVaRGI8pc=
